
Microsoft Visual Studio Solution File, Format Version 12.00
# Visual Studio Version 16
VisualStudioVersion = 16.0.30804.86
MinimumVisualStudioVersion = 10.0.40219.1
Project("{FAE04EC0-301F-11D3-BF4B-00C04F79EFBC}") = "BenchmarkDynamicInvocation", "BenchmarkDynamicInvocation\BenchmarkDynamicInvocation.csproj", "{67C854EA-1D28-473E-B574-D5E39CBB124F}"
EndProject
Global
	GlobalSection(SolutionConfigurationPlatforms) = preSolution
		Debug|Any CPU = Debug|Any CPU
		Release|Any CPU = Release|Any CPU
	EndGlobalSection
	GlobalSection(ProjectConfigurationPlatforms) = postSolution
		{67C854EA-1D28-473E-B574-D5E39CBB124F}.Debug|Any CPU.ActiveCfg = Debug|Any CPU
		{67C854EA-1D28-473E-B574-D5E39CBB124F}.Debug|Any CPU.Build.0 = Debug|Any CPU
		{67C854EA-1D28-473E-B574-D5E39CBB124F}.Release|Any CPU.ActiveCfg = Release|Any CPU
		{67C854EA-1D28-473E-B574-D5E39CBB124F}.Release|Any CPU.Build.0 = Release|Any CPU
	EndGlobalSection
	GlobalSection(SolutionProperties) = preSolution
		HideSolutionNode = FALSE
	EndGlobalSection
	GlobalSection(ExtensibilityGlobals) = postSolution
		SolutionGuid = {E06B060A-0FB2-4D3F-B940-6387537B2A15}
	EndGlobalSection
EndGlobal
